
Microsoft Visual Studio Solution File, Format Version 12.00
# Visual Studio 2013
VisualStudioVersion = 12.0.31101.0
MinimumVisualStudioVersion = 10.0.40219.1
Project("{F2A71F9B-5D33-465A-A702-920D77279786}") = "Exira.EventStore", "source\Exira.EventStore\Exira.EventStore.fsproj", "{3F97320B-9E6F-4328-9B2F-BEEFA5E6DB34}"
EndProject
Project("{2150E333-8FDC-42A3-9474-1A3956D46DE8}") = ".paket", ".paket", "{EA1A9E6A-AA92-4AA5-931E-F1975DCF1B9F}"
	ProjectSection(SolutionItems) = preProject
		..\paket.dependencies = ..\paket.dependencies
		..\paket.lock = ..\paket.lock
	EndProjectSection
EndProject
Project("{F2A71F9B-5D33-465A-A702-920D77279786}") = "Exira.EventStore.Owin", "source\Exira.EventStore.Owin\Exira.EventStore.Owin.fsproj", "{2A4E0844-73B2-4C99-9C1E-39EA73F26B26}"
EndProject
Global
	GlobalSection(SolutionConfigurationPlatforms) = preSolution
		Debug|Any CPU = Debug|Any CPU
		Release|Any CPU = Release|Any CPU
	EndGlobalSection
	GlobalSection(ProjectConfigurationPlatforms) = postSolution
		{3F97320B-9E6F-4328-9B2F-BEEFA5E6DB34}.Debug|Any CPU.ActiveCfg = Debug|Any CPU
		{3F97320B-9E6F-4328-9B2F-BEEFA5E6DB34}.Debug|Any CPU.Build.0 = Debug|Any CPU
		{3F97320B-9E6F-4328-9B2F-BEEFA5E6DB34}.Release|Any CPU.ActiveCfg = Release|Any CPU
		{3F97320B-9E6F-4328-9B2F-BEEFA5E6DB34}.Release|Any CPU.Build.0 = Release|Any CPU
		{2A4E0844-73B2-4C99-9C1E-39EA73F26B26}.Debug|Any CPU.ActiveCfg = Debug|Any CPU
		{2A4E0844-73B2-4C99-9C1E-39EA73F26B26}.Debug|Any CPU.Build.0 = Debug|Any CPU
		{2A4E0844-73B2-4C99-9C1E-39EA73F26B26}.Release|Any CPU.ActiveCfg = Release|Any CPU
		{2A4E0844-73B2-4C99-9C1E-39EA73F26B26}.Release|Any CPU.Build.0 = Release|Any CPU
	EndGlobalSection
	GlobalSection(SolutionProperties) = preSolution
		HideSolutionNode = FALSE
	EndGlobalSection
EndGlobal
